
Microsoft Visual Studio Solution File, Format Version 12.00
# Visual Studio Express 2012 for Web
Project("{FAE04EC0-301F-11D3-BF4B-00C04F79EFBC}") = "appspot", "appspot\appspot.csproj", "{BEB35BAC-F691-4B5F-BDC0-CA7CEACE2F4E}"
EndProject
Project("{FAE04EC0-301F-11D3-BF4B-00C04F79EFBC}") = "appspot.Tests", "appspot.Tests\appspot.Tests.csproj", "{2D6F7A39-A8D9-46B2-8B2C-541BD9318930}"
EndProject
Global
	GlobalSection(SolutionConfigurationPlatforms) = preSolution
		Debug|Any CPU = Debug|Any CPU
		Release|Any CPU = Release|Any CPU
	EndGlobalSection
	GlobalSection(ProjectConfigurationPlatforms) = postSolution
		{BEB35BAC-F691-4B5F-BDC0-CA7CEACE2F4E}.Debug|Any CPU.ActiveCfg = Debug|Any CPU
		{BEB35BAC-F691-4B5F-BDC0-CA7CEACE2F4E}.Debug|Any CPU.Build.0 = Debug|Any CPU
		{BEB35BAC-F691-4B5F-BDC0-CA7CEACE2F4E}.Release|Any CPU.ActiveCfg = Release|Any CPU
		{BEB35BAC-F691-4B5F-BDC0-CA7CEACE2F4E}.Release|Any CPU.Build.0 = Release|Any CPU
		{2D6F7A39-A8D9-46B2-8B2C-541BD9318930}.Debug|Any CPU.ActiveCfg = Debug|Any CPU
		{2D6F7A39-A8D9-46B2-8B2C-541BD9318930}.Debug|Any CPU.Build.0 = Debug|Any CPU
		{2D6F7A39-A8D9-46B2-8B2C-541BD9318930}.Release|Any CPU.ActiveCfg = Release|Any CPU
		{2D6F7A39-A8D9-46B2-8B2C-541BD9318930}.Release|Any CPU.Build.0 = Release|Any CPU
	EndGlobalSection
	GlobalSection(SolutionProperties) = preSolution
		HideSolutionNode = FALSE
	EndGlobalSection
EndGlobal
